// !$*UTF8*$!
{
	archiveVersion = 1;
	classes = {
	};
	objectVersion = 46;
	objects = {

/* Begin PBXBuildFile section */
		B80397C51B15B4BF00935F9C /* Parser.swift in Sources */ = {isa = PBXBuildFile; fileRef = B80397C41B15B4BF00935F9C /* Parser.swift */; };
		B806EFBC1AEFE77900633505 /* Task.swift in Sources */ = {isa = PBXBuildFile; fileRef = B806EFBB1AEFE77900633505 /* Task.swift */; };
		B806EFBE1AF003CF00633505 /* Action.swift in Sources */ = {isa = PBXBuildFile; fileRef = B806EFBD1AF003CF00633505 /* Action.swift */; };
		B82E31D91C4592F300C8E062 /* ScriptFunctions.swift in Sources */ = {isa = PBXBuildFile; fileRef = B82E31D81C4592F300C8E062 /* ScriptFunctions.swift */; };
		B8404A581C3BF9530062C231 /* Script.swift in Sources */ = {isa = PBXBuildFile; fileRef = B8404A571C3BF9530062C231 /* Script.swift */; };
		B84BE0781B034C190015DF1F /* PrimView.swift in Sources */ = {isa = PBXBuildFile; fileRef = B84BE0771B034C190015DF1F /* PrimView.swift */; };
		B85FAA5C1AE10CAF00C6F57A /* AppDelegate.swift in Sources */ = {isa = PBXBuildFile; fileRef = B85FAA5B1AE10CAF00C6F57A /* AppDelegate.swift */; };
		B85FAA5E1AE10CAF00C6F57A /* MainViewController.swift in Sources */ = {isa = PBXBuildFile; fileRef = B85FAA5D1AE10CAF00C6F57A /* MainViewController.swift */; };
		B85FAA601AE10CAF00C6F57A /* Images.xcassets in Resources */ = {isa = PBXBuildFile; fileRef = B85FAA5F1AE10CAF00C6F57A /* Images.xcassets */; };
		B85FAA631AE10CAF00C6F57A /* Main.storyboard in Resources */ = {isa = PBXBuildFile; fileRef = B85FAA611AE10CAF00C6F57A /* Main.storyboard */; };
		B85FAA6F1AE10CAF00C6F57A /* PRIMsTests.swift in Sources */ = {isa = PBXBuildFile; fileRef = B85FAA6E1AE10CAF00C6F57A /* PRIMsTests.swift */; };
		B85FAAA31AE10D7500C6F57A /* Chunk.swift in Sources */ = {isa = PBXBuildFile; fileRef = B85FAA951AE10D7500C6F57A /* Chunk.swift */; };
		B85FAAA71AE10D7500C6F57A /* Declarative.swift in Sources */ = {isa = PBXBuildFile; fileRef = B85FAA991AE10D7500C6F57A /* Declarative.swift */; };
		B85FAAA91AE10D7500C6F57A /* Support.swift in Sources */ = {isa = PBXBuildFile; fileRef = B85FAA9B1AE10D7500C6F57A /* Support.swift */; };
		B85FAAB41AE1326000C6F57A /* Prim.swift in Sources */ = {isa = PBXBuildFile; fileRef = B85FAAB31AE1326000C6F57A /* Prim.swift */; };
		B85FAAB51AE13FF100C6F57A /* Model.swift in Sources */ = {isa = PBXBuildFile; fileRef = B85FAA9C1AE10D7500C6F57A /* Model.swift */; };
		B85FAAB61AE1569F00C6F57A /* Production.swift in Sources */ = {isa = PBXBuildFile; fileRef = B85FAA961AE10D7500C6F57A /* Production.swift */; };
		B85FAAB71AE1580200C6F57A /* Instantiation.swift in Sources */ = {isa = PBXBuildFile; fileRef = B85FAA9E1AE10D7500C6F57A /* Instantiation.swift */; };
		B85FAAB81AE1582400C6F57A /* Procedural.swift in Sources */ = {isa = PBXBuildFile; fileRef = B85FAA971AE10D7500C6F57A /* Procedural.swift */; };
		B862876F2014ADAF00A2CBC8 /* Charts.framework in Frameworks */ = {isa = PBXBuildFile; fileRef = B862876C2014ACB700A2CBC8 /* Charts.framework */; };
		B86287702014ADAF00A2CBC8 /* Charts.framework in Embed Frameworks */ = {isa = PBXBuildFile; fileRef = B862876C2014ACB700A2CBC8 /* Charts.framework */; settings = {ATTRIBUTES = (CodeSignOnCopy, RemoveHeadersOnCopy, ); }; };
		B866FCB31B67BC010084EAAE /* Operator.swift in Sources */ = {isa = PBXBuildFile; fileRef = B866FCB21B67BC010084EAAE /* Operator.swift */; };
		B8696BF02095ED68008EE0D3 /* ConflictTraceViewController.swift in Sources */ = {isa = PBXBuildFile; fileRef = B8696BEF2095ED68008EE0D3 /* ConflictTraceViewController.swift */; };
		B87A9BC2209896D500F34E5D /* ConflictSetTrace.swift in Sources */ = {isa = PBXBuildFile; fileRef = B87A9BC1209896D500F34E5D /* ConflictSetTrace.swift */; };
		B8935EF11B13C93900E4C9E8 /* PrimsModelFileIcon.icns in Resources */ = {isa = PBXBuildFile; fileRef = B8935EF01B13C93900E4C9E8 /* PrimsModelFileIcon.icns */; };
		B895579F1ED959BD0003E7DA /* Temporal.swift in Sources */ = {isa = PBXBuildFile; fileRef = B895579E1ED959BD0003E7DA /* Temporal.swift */; };
		B898EA881B0F504A00B5777E /* BatchRun.swift in Sources */ = {isa = PBXBuildFile; fileRef = B898EA871B0F504A00B5777E /* BatchRun.swift */; };
		B898EA8A1B0F5A3500B5777E /* NSScanner+Swift.swift in Sources */ = {isa = PBXBuildFile; fileRef = B898EA891B0F5A3500B5777E /* NSScanner+Swift.swift */; };
		B8CE155E1B022A5300554F5F /* FruchtermanReingold.swift in Sources */ = {isa = PBXBuildFile; fileRef = B8CE155D1B022A5300554F5F /* FruchtermanReingold.swift */; };
		B8D0958A232E58AC0060862D /* Media.xcassets in Resources */ = {isa = PBXBuildFile; fileRef = B8D09589232E58AC0060862D /* Media.xcassets */; };
		B8D18E0E1AEEC305007CF2B6 /* Imaginal.swift in Sources */ = {isa = PBXBuildFile; fileRef = B8D18E0D1AEEC305007CF2B6 /* Imaginal.swift */; };
		B8EEE60D1B01DDC6002EFAD6 /* PRScenario.swift in Sources */ = {isa = PBXBuildFile; fileRef = B8EEE60C1B01DDC6002EFAD6 /* PRScenario.swift */; };
/* End PBXBuildFile section */

/* Begin PBXContainerItemProxy section */
		B85FAA691AE10CAF00C6F57A /* PBXContainerItemProxy */ = {
			isa = PBXContainerItemProxy;
			containerPortal = B85FAA4E1AE10CAF00C6F57A /* Project object */;
			proxyType = 1;
			remoteGlobalIDString = B85FAA551AE10CAF00C6F57A;
			remoteInfo = PRIMs;
		};
		B862876B2014ACB700A2CBC8 /* PBXContainerItemProxy */ = {
			isa = PBXContainerItemProxy;
			containerPortal = B86287662014ACB700A2CBC8 /* Charts.xcodeproj */;
			proxyType = 2;
			remoteGlobalIDString = 65AD9E95D9ED4DC0BD73A743;
			remoteInfo = Charts;
		};
		B862876D2014ACB700A2CBC8 /* PBXContainerItemProxy */ = {
			isa = PBXContainerItemProxy;
			containerPortal = B86287662014ACB700A2CBC8 /* Charts.xcodeproj */;
			proxyType = 2;
			remoteGlobalIDString = 1CBBC58C6CE1EBEE9852CE41;
			remoteInfo = ChartsTests;
		};
		B86287712014ADAF00A2CBC8 /* PBXContainerItemProxy */ = {
			isa = PBXContainerItemProxy;
			containerPortal = B86287662014ACB700A2CBC8 /* Charts.xcodeproj */;
			proxyType = 1;
			remoteGlobalIDString = A58A4ED274A941CA248EA921;
			remoteInfo = Charts;
		};
		B86D51F0206101E100096AF6 /* PBXContainerItemProxy */ = {
			isa = PBXContainerItemProxy;
			containerPortal = B86D51EA206101E100096AF6 /* Charts.xcodeproj */;
			proxyType = 2;
			remoteGlobalIDString = 65AD9E95D9ED4DC0BD73A743;
			remoteInfo = Charts;
		};
		B86D51F2206101E100096AF6 /* PBXContainerItemProxy */ = {
			isa = PBXContainerItemProxy;
			containerPortal = B86D51EA206101E100096AF6 /* Charts.xcodeproj */;
			proxyType = 2;
			remoteGlobalIDString = 1CBBC58C6CE1EBEE9852CE41;
			remoteInfo = ChartsTests;
		};
/* End PBXContainerItemProxy section */

/* Begin PBXCopyFilesBuildPhase section */
		B86287732014ADAF00A2CBC8 /* Embed Frameworks */ = {
			isa = PBXCopyFilesBuildPhase;
			buildActionMask = 2147483647;
			dstPath = "";
			dstSubfolderSpec = 10;
			files = (
				B86287702014ADAF00A2CBC8 /* Charts.framework in Embed Frameworks */,
			);
			name = "Embed Frameworks";
			runOnlyForDeploymentPostprocessing = 0;
		};
/* End PBXCopyFilesBuildPhase section */

/* Begin PBXFileReference section */
		B80397C41B15B4BF00935F9C /* Parser.swift */ = {isa = PBXFileReference; fileEncoding = 4; lastKnownFileType = sourcecode.swift; path = Parser.swift; sourceTree = "<group>"; };
		B806EFBB1AEFE77900633505 /* Task.swift */ = {isa = PBXFileReference; fileEncoding = 4; lastKnownFileType = sourcecode.swift; path = Task.swift; sourceTree = "<group>"; };
		B806EFBD1AF003CF00633505 /* Action.swift */ = {isa = PBXFileReference; fileEncoding = 4; lastKnownFileType = sourcecode.swift; path = Action.swift; sourceTree = "<group>"; };
		B814B7811BE3BE3B00FF6E2D /* count.prims */ = {isa = PBXFileReference; fileEncoding = 4; lastKnownFileType = text; path = count.prims; sourceTree = "<group>"; };
		B825B6E41B0C884E009B98BC /* more-fish.prims */ = {isa = PBXFileReference; fileEncoding = 4; lastKnownFileType = text; path = "more-fish.prims"; sourceTree = "<group>"; };
		B826B9AE1B063DBB000950A3 /* count-spoons.prims */ = {isa = PBXFileReference; fileEncoding = 4; lastKnownFileType = text; path = "count-spoons.prims"; sourceTree = "<group>"; };
		B82E31D81C4592F300C8E062 /* ScriptFunctions.swift */ = {isa = PBXFileReference; fileEncoding = 4; lastKnownFileType = sourcecode.swift; path = ScriptFunctions.swift; sourceTree = "<group>"; };
		B83A89211B558B4900382B3D /* GoalOperatorLearning.swift */ = {isa = PBXFileReference; fileEncoding = 4; lastKnownFileType = sourcecode.swift; path = GoalOperatorLearning.swift; sourceTree = "<group>"; };
		B8404A571C3BF9530062C231 /* Script.swift */ = {isa = PBXFileReference; fileEncoding = 4; lastKnownFileType = sourcecode.swift; path = Script.swift; sourceTree = "<group>"; };
		B84BE0771B034C190015DF1F /* PrimView.swift */ = {isa = PBXFileReference; fileEncoding = 4; lastKnownFileType = sourcecode.swift; path = PrimView.swift; sourceTree = "<group>"; };
		B85D9CB81B14C9AC0033CEA2 /* list-recall.prims */ = {isa = PBXFileReference; fileEncoding = 4; lastKnownFileType = text; path = "list-recall.prims"; sourceTree = "<group>"; };
		B85FAA561AE10CAF00C6F57A /* PRIMs.app */ = {isa = PBXFileReference; explicitFileType = wrapper.application; includeInIndex = 0; path = PRIMs.app; sourceTree = BUILT_PRODUCTS_DIR; };
		B85FAA5A1AE10CAF00C6F57A /* Info.plist */ = {isa = PBXFileReference; lastKnownFileType = text.plist.xml; path = Info.plist; sourceTree = "<group>"; };
		B85FAA5B1AE10CAF00C6F57A /* AppDelegate.swift */ = {isa = PBXFileReference; lastKnownFileType = sourcecode.swift; path = AppDelegate.swift; sourceTree = "<group>"; };
		B85FAA5D1AE10CAF00C6F57A /* MainViewController.swift */ = {isa = PBXFileReference; lastKnownFileType = sourcecode.swift; path = MainViewController.swift; sourceTree = "<group>"; };
		B85FAA5F1AE10CAF00C6F57A /* Images.xcassets */ = {isa = PBXFileReference; lastKnownFileType = folder.assetcatalog; path = Images.xcassets; sourceTree = "<group>"; };
		B85FAA621AE10CAF00C6F57A /* Base */ = {isa = PBXFileReference; lastKnownFileType = file.storyboard; name = Base; path = Base.lproj/Main.storyboard; sourceTree = "<group>"; };
		B85FAA681AE10CAF00C6F57A /* PRIMsTests.xctest */ = {isa = PBXFileReference; explicitFileType = wrapper.cfbundle; includeInIndex = 0; path = PRIMsTests.xctest; sourceTree = BUILT_PRODUCTS_DIR; };
		B85FAA6D1AE10CAF00C6F57A /* Info.plist */ = {isa = PBXFileReference; lastKnownFileType = text.plist.xml; path = Info.plist; sourceTree = "<group>"; };
		B85FAA6E1AE10CAF00C6F57A /* PRIMsTests.swift */ = {isa = PBXFileReference; lastKnownFileType = sourcecode.swift; path = PRIMsTests.swift; sourceTree = "<group>"; };
		B85FAA951AE10D7500C6F57A /* Chunk.swift */ = {isa = PBXFileReference; fileEncoding = 4; lastKnownFileType = sourcecode.swift; path = Chunk.swift; sourceTree = "<group>"; };
		B85FAA961AE10D7500C6F57A /* Production.swift */ = {isa = PBXFileReference; fileEncoding = 4; lastKnownFileType = sourcecode.swift; path = Production.swift; sourceTree = "<group>"; };
		B85FAA971AE10D7500C6F57A /* Procedural.swift */ = {isa = PBXFileReference; fileEncoding = 4; lastKnownFileType = sourcecode.swift; path = Procedural.swift; sourceTree = "<group>"; };
		B85FAA991AE10D7500C6F57A /* Declarative.swift */ = {isa = PBXFileReference; fileEncoding = 4; lastKnownFileType = sourcecode.swift; path = Declarative.swift; sourceTree = "<group>"; xcLanguageSpecificationIdentifier = xcode.lang.swift; };
		B85FAA9B1AE10D7500C6F57A /* Support.swift */ = {isa = PBXFileReference; fileEncoding = 4; lastKnownFileType = sourcecode.swift; path = Support.swift; sourceTree = "<group>"; };
		B85FAA9C1AE10D7500C6F57A /* Model.swift */ = {isa = PBXFileReference; fileEncoding = 4; lastKnownFileType = sourcecode.swift; path = Model.swift; sourceTree = "<group>"; };
		B85FAA9E1AE10D7500C6F57A /* Instantiation.swift */ = {isa = PBXFileReference; fileEncoding = 4; lastKnownFileType = sourcecode.swift; path = Instantiation.swift; sourceTree = "<group>"; };
		B85FAAB11AE1188C00C6F57A /* count-buf-stuf.prims */ = {isa = PBXFileReference; fileEncoding = 4; lastKnownFileType = text; path = "count-buf-stuf.prims"; sourceTree = "<group>"; };
		B85FAAB31AE1326000C6F57A /* Prim.swift */ = {isa = PBXFileReference; fileEncoding = 4; lastKnownFileType = sourcecode.swift; path = Prim.swift; sourceTree = "<group>"; };
		B86287662014ACB700A2CBC8 /* Charts.xcodeproj */ = {isa = PBXFileReference; lastKnownFileType = "wrapper.pb-project"; name = Charts.xcodeproj; path = ../../Charts/Charts.xcodeproj; sourceTree = "<group>"; };
		B866FCB21B67BC010084EAAE /* Operator.swift */ = {isa = PBXFileReference; fileEncoding = 4; lastKnownFileType = sourcecode.swift; path = Operator.swift; sourceTree = "<group>"; };
		B8696BEF2095ED68008EE0D3 /* ConflictTraceViewController.swift */ = {isa = PBXFileReference; lastKnownFileType = sourcecode.swift; path = ConflictTraceViewController.swift; sourceTree = "<group>"; };
		B86D51EA206101E100096AF6 /* Charts.xcodeproj */ = {isa = PBXFileReference; lastKnownFileType = "wrapper.pb-project"; path = Charts.xcodeproj; sourceTree = "<group>"; };
		B87A9BC1209896D500F34E5D /* ConflictSetTrace.swift */ = {isa = PBXFileReference; lastKnownFileType = sourcecode.swift; path = ConflictSetTrace.swift; sourceTree = "<group>"; };
		B8935EF01B13C93900E4C9E8 /* PrimsModelFileIcon.icns */ = {isa = PBXFileReference; lastKnownFileType = image.icns; path = PrimsModelFileIcon.icns; sourceTree = "<group>"; };
		B895579D1ED951720003E7DA /* peak-time.prims */ = {isa = PBXFileReference; lastKnownFileType = text; path = "peak-time.prims"; sourceTree = "<group>"; };
		B895579E1ED959BD0003E7DA /* Temporal.swift */ = {isa = PBXFileReference; fileEncoding = 4; lastKnownFileType = sourcecode.swift; path = Temporal.swift; sourceTree = "<group>"; };
		B898EA851B0F3C3100B5777E /* testbatch.bprims */ = {isa = PBXFileReference; fileEncoding = 4; lastKnownFileType = text; path = testbatch.bprims; sourceTree = "<group>"; };
		B898EA871B0F504A00B5777E /* BatchRun.swift */ = {isa = PBXFileReference; fileEncoding = 4; lastKnownFileType = sourcecode.swift; path = BatchRun.swift; sourceTree = "<group>"; };
		B898EA891B0F5A3500B5777E /* NSScanner+Swift.swift */ = {isa = PBXFileReference; fileEncoding = 4; lastKnownFileType = sourcecode.swift; path = "NSScanner+Swift.swift"; sourceTree = "<group>"; };
		B8A971C71B455C6F00C3ABBF /* taskswitch.bprims */ = {isa = PBXFileReference; lastKnownFileType = text; path = taskswitch.bprims; sourceTree = "<group>"; };
		B8ACC8381FFFBE5F00268735 /* ChangeLog.md */ = {isa = PBXFileReference; lastKnownFileType = net.daringfireball.markdown; path = ChangeLog.md; sourceTree = "<group>"; };
		B8B15FA51B46864300892AAE /* taskswitchstrooptransfer.bprims */ = {isa = PBXFileReference; fileEncoding = 4; lastKnownFileType = text; path = taskswitchstrooptransfer.bprims; sourceTree = "<group>"; };
		B8B23CDB1AED499C00307F90 /* GraphView.swift */ = {isa = PBXFileReference; fileEncoding = 4; lastKnownFileType = sourcecode.swift; path = GraphView.swift; sourceTree = "<group>"; };
		B8B3E4971B0F9310005E3601 /* spoons-fish.bprims */ = {isa = PBXFileReference; fileEncoding = 4; lastKnownFileType = text; path = "spoons-fish.bprims"; sourceTree = "<group>"; };
		B8B5DDC51E71486E00DDF322 /* test.prims */ = {isa = PBXFileReference; fileEncoding = 4; lastKnownFileType = text; path = test.prims; sourceTree = "<group>"; };
		B8BEEE691AE79C9F00FF1FBC /* semantic.prims */ = {isa = PBXFileReference; fileEncoding = 4; lastKnownFileType = text; path = semantic.prims; sourceTree = "<group>"; };
		B8C76AC01B286C4800826141 /* addition.prims */ = {isa = PBXFileReference; fileEncoding = 4; lastKnownFileType = text; path = addition.prims; sourceTree = "<group>"; };
		B8C8DB4E1B568E8F00D5102F /* taskswitching.prims */ = {isa = PBXFileReference; fileEncoding = 4; lastKnownFileType = text; path = taskswitching.prims; sourceTree = "<group>"; };
		B8C8DB501B5690BC00D5102F /* stroop.prims */ = {isa = PBXFileReference; fileEncoding = 4; lastKnownFileType = text; path = stroop.prims; sourceTree = "<group>"; };
		B8CE155D1B022A5300554F5F /* FruchtermanReingold.swift */ = {isa = PBXFileReference; fileEncoding = 4; lastKnownFileType = sourcecode.swift; path = FruchtermanReingold.swift; sourceTree = "<group>"; };
		B8D09589232E58AC0060862D /* Media.xcassets */ = {isa = PBXFileReference; lastKnownFileType = folder.assetcatalog; path = Media.xcassets; sourceTree = "<group>"; };
		B8D18E0D1AEEC305007CF2B6 /* Imaginal.swift */ = {isa = PBXFileReference; fileEncoding = 4; lastKnownFileType = sourcecode.swift; path = Imaginal.swift; sourceTree = "<group>"; };
		B8E0DCE81B3C4FE30097D90F /* stroop.bprims */ = {isa = PBXFileReference; fileEncoding = 4; lastKnownFileType = text; path = stroop.bprims; sourceTree = "<group>"; };
		B8E827561B3811B800C1E60A /* count-learn.prims */ = {isa = PBXFileReference; lastKnownFileType = text; path = "count-learn.prims"; sourceTree = "<group>"; };
		B8E827571B38160B00C1E60A /* semantic-global.prims */ = {isa = PBXFileReference; fileEncoding = 4; lastKnownFileType = text; path = "semantic-global.prims"; sourceTree = "<group>"; };
		B8EEE60C1B01DDC6002EFAD6 /* PRScenario.swift */ = {isa = PBXFileReference; fileEncoding = 4; lastKnownFileType = sourcecode.swift; path = PRScenario.swift; sourceTree = "<group>"; };
/* End PBXFileReference section */

/* Begin PBXFrameworksBuildPhase section */
		B85FAA531AE10CAF00C6F57A /* Frameworks */ = {
			isa = PBXFrameworksBuildPhase;
			buildActionMask = 2147483647;
			files = (
				B862876F2014ADAF00A2CBC8 /* Charts.framework in Frameworks */,
			);
			runOnlyForDeploymentPostprocessing = 0;
		};
		B85FAA651AE10CAF00C6F57A /* Frameworks */ = {
			isa = PBXFrameworksBuildPhase;
			buildActionMask = 2147483647;
			files = (
			);
			runOnlyForDeploymentPostprocessing = 0;
		};
/* End PBXFrameworksBuildPhase section */

/* Begin PBXGroup section */
		B85FAA4D1AE10CAF00C6F57A = {
			isa = PBXGroup;
			children = (
				B86D51EA206101E100096AF6 /* Charts.xcodeproj */,
				B85FAA581AE10CAF00C6F57A /* PRIMs */,
				B85FAA6B1AE10CAF00C6F57A /* PRIMsTests */,
				B85FAA571AE10CAF00C6F57A /* Products */,
			);
			sourceTree = "<group>";
		};
		B85FAA571AE10CAF00C6F57A /* Products */ = {
			isa = PBXGroup;
			children = (
				B85FAA561AE10CAF00C6F57A /* PRIMs.app */,
				B85FAA681AE10CAF00C6F57A /* PRIMsTests.xctest */,
			);
			name = Products;
			sourceTree = "<group>";
		};
		B85FAA581AE10CAF00C6F57A /* PRIMs */ = {
			isa = PBXGroup;
			children = (
				B8ACC8381FFFBE5F00268735 /* ChangeLog.md */,
				B86287662014ACB700A2CBC8 /* Charts.xcodeproj */,
				B898EA8B1B0F6A1400B5777E /* Models */,
				B898EA8E1B0F6EE500B5777E /* Views */,
				B8F00C041B009E690036FFE3 /* Interface */,
				B85FAA941AE10D0600C6F57A /* Core */,
				B85FAA5D1AE10CAF00C6F57A /* MainViewController.swift */,
				B83A89211B558B4900382B3D /* GoalOperatorLearning.swift */,
				B85FAA5F1AE10CAF00C6F57A /* Images.xcassets */,
				B8935EF01B13C93900E4C9E8 /* PrimsModelFileIcon.icns */,
				B85FAA611AE10CAF00C6F57A /* Main.storyboard */,
				B8696BEF2095ED68008EE0D3 /* ConflictTraceViewController.swift */,
				B85FAA591AE10CAF00C6F57A /* Supporting Files */,
				B898EA871B0F504A00B5777E /* BatchRun.swift */,
				B898EA891B0F5A3500B5777E /* NSScanner+Swift.swift */,
				B8CE155D1B022A5300554F5F /* FruchtermanReingold.swift */,
				B8D09589232E58AC0060862D /* Media.xcassets */,
			);
			path = PRIMs;
			sourceTree = "<group>";
		};
		B85FAA591AE10CAF00C6F57A /* Supporting Files */ = {
			isa = PBXGroup;
			children = (
				B85FAA5B1AE10CAF00C6F57A /* AppDelegate.swift */,
				B85FAA5A1AE10CAF00C6F57A /* Info.plist */,
			);
			name = "Supporting Files";
			sourceTree = "<group>";
		};
		B85FAA6B1AE10CAF00C6F57A /* PRIMsTests */ = {
			isa = PBXGroup;
			children = (
				B85FAA6E1AE10CAF00C6F57A /* PRIMsTests.swift */,
				B85FAA6C1AE10CAF00C6F57A /* Supporting Files */,
			);
			path = PRIMsTests;
			sourceTree = "<group>";
		};
		B85FAA6C1AE10CAF00C6F57A /* Supporting Files */ = {
			isa = PBXGroup;
			children = (
				B85FAA6D1AE10CAF00C6F57A /* Info.plist */,
			);
			name = "Supporting Files";
			sourceTree = "<group>";
		};
		B85FAA941AE10D0600C6F57A /* Core */ = {
			isa = PBXGroup;
			children = (
				B85FAAB31AE1326000C6F57A /* Prim.swift */,
				B866FCB21B67BC010084EAAE /* Operator.swift */,
				B8D18E0D1AEEC305007CF2B6 /* Imaginal.swift */,
				B895579E1ED959BD0003E7DA /* Temporal.swift */,
				B85FAA951AE10D7500C6F57A /* Chunk.swift */,
				B85FAA961AE10D7500C6F57A /* Production.swift */,
				B85FAA971AE10D7500C6F57A /* Procedural.swift */,
				B80397C41B15B4BF00935F9C /* Parser.swift */,
				B85FAA991AE10D7500C6F57A /* Declarative.swift */,
				B85FAA9B1AE10D7500C6F57A /* Support.swift */,
				B85FAA9C1AE10D7500C6F57A /* Model.swift */,
				B806EFBD1AF003CF00633505 /* Action.swift */,
				B806EFBB1AEFE77900633505 /* Task.swift */,
				B85FAA9E1AE10D7500C6F57A /* Instantiation.swift */,
				B8404A571C3BF9530062C231 /* Script.swift */,
				B82E31D81C4592F300C8E062 /* ScriptFunctions.swift */,
				B87A9BC1209896D500F34E5D /* ConflictSetTrace.swift */,
			);
			name = Core;
			sourceTree = "<group>";
		};
		B86287672014ACB700A2CBC8 /* Products */ = {
			isa = PBXGroup;
			children = (
				B862876C2014ACB700A2CBC8 /* Charts.framework */,
				B862876E2014ACB700A2CBC8 /* ChartsTests.xctest */,
			);
			name = Products;
			sourceTree = "<group>";
		};
		B86D51EB206101E100096AF6 /* Products */ = {
			isa = PBXGroup;
			children = (
				B86D51F1206101E100096AF6 /* Charts.framework */,
				B86D51F3206101E100096AF6 /* ChartsTests.xctest */,
			);
			name = Products;
			sourceTree = "<group>";
		};
		B898EA8B1B0F6A1400B5777E /* Models */ = {
			isa = PBXGroup;
			children = (
				B85FAAB11AE1188C00C6F57A /* count-buf-stuf.prims */,
				B814B7811BE3BE3B00FF6E2D /* count.prims */,
				B8C8DB501B5690BC00D5102F /* stroop.prims */,
				B8C8DB4E1B568E8F00D5102F /* taskswitching.prims */,
				B8E827561B3811B800C1E60A /* count-learn.prims */,
				B825B6E41B0C884E009B98BC /* more-fish.prims */,
				B8BEEE691AE79C9F00FF1FBC /* semantic.prims */,
				B8E827571B38160B00C1E60A /* semantic-global.prims */,
				B826B9AE1B063DBB000950A3 /* count-spoons.prims */,
				B85D9CB81B14C9AC0033CEA2 /* list-recall.prims */,
				B8C76AC01B286C4800826141 /* addition.prims */,
				B898EA851B0F3C3100B5777E /* testbatch.bprims */,
				B8B3E4971B0F9310005E3601 /* spoons-fish.bprims */,
				B8A971C71B455C6F00C3ABBF /* taskswitch.bprims */,
				B8E0DCE81B3C4FE30097D90F /* stroop.bprims */,
				B895579D1ED951720003E7DA /* peak-time.prims */,
				B8B15FA51B46864300892AAE /* taskswitchstrooptransfer.bprims */,
				B8B5DDC51E71486E00DDF322 /* test.prims */,
			);
			name = Models;
			sourceTree = "<group>";
		};
		B898EA8E1B0F6EE500B5777E /* Views */ = {
			isa = PBXGroup;
			children = (
				B8B23CDB1AED499C00307F90 /* GraphView.swift */,
				B84BE0771B034C190015DF1F /* PrimView.swift */,
			);
			name = Views;
			sourceTree = "<group>";
		};
		B8F00C041B009E690036FFE3 /* Interface */ = {
			isa = PBXGroup;
			children = (
				B8EEE60C1B01DDC6002EFAD6 /* PRScenario.swift */,
			);
			name = Interface;
			sourceTree = "<group>";
		};
/* End PBXGroup section */

/* Begin PBXNativeTarget section */
		B85FAA551AE10CAF00C6F57A /* PRIMs */ = {
			isa = PBXNativeTarget;
			buildConfigurationList = B85FAA721AE10CAF00C6F57A /* Build configuration list for PBXNativeTarget "PRIMs" */;
			buildPhases = (
				B85FAA521AE10CAF00C6F57A /* Sources */,
				B85FAA531AE10CAF00C6F57A /* Frameworks */,
				B85FAA541AE10CAF00C6F57A /* Resources */,
				B86287732014ADAF00A2CBC8 /* Embed Frameworks */,
			);
			buildRules = (
			);
			dependencies = (
				B86287722014ADAF00A2CBC8 /* PBXTargetDependency */,
			);
			name = PRIMs;
			productName = PRIMs;
			productReference = B85FAA561AE10CAF00C6F57A /* PRIMs.app */;
			productType = "com.apple.product-type.application";
		};
		B85FAA671AE10CAF00C6F57A /* PRIMsTests */ = {
			isa = PBXNativeTarget;
			buildConfigurationList = B85FAA751AE10CAF00C6F57A /* Build configuration list for PBXNativeTarget "PRIMsTests" */;
			buildPhases = (
				B85FAA641AE10CAF00C6F57A /* Sources */,
				B85FAA651AE10CAF00C6F57A /* Frameworks */,
				B85FAA661AE10CAF00C6F57A /* Resources */,
			);
			buildRules = (
			);
			dependencies = (
				B85FAA6A1AE10CAF00C6F57A /* PBXTargetDependency */,
			);
			name = PRIMsTests;
			productName = PRIMsTests;
			productReference = B85FAA681AE10CAF00C6F57A /* PRIMsTests.xctest */;
			productType = "com.apple.product-type.bundle.unit-test";
		};
/* End PBXNativeTarget section */

/* Begin PBXProject section */
		B85FAA4E1AE10CAF00C6F57A /* Project object */ = {
			isa = PBXProject;
			attributes = {
				LastSwiftMigration = 0700;
				LastSwiftUpdateCheck = 0700;
				LastUpgradeCheck = 1030;
				ORGANIZATIONNAME = "Niels Taatgen";
				TargetAttributes = {
					B85FAA551AE10CAF00C6F57A = {
						CreatedOnToolsVersion = 6.3;
						DevelopmentTeam = YD3HPRU5U8;
						LastSwiftMigration = 1030;
						ProvisioningStyle = Automatic;
					};
					B85FAA671AE10CAF00C6F57A = {
						CreatedOnToolsVersion = 6.3;
						LastSwiftMigration = 1030;
						TestTargetID = B85FAA551AE10CAF00C6F57A;
					};
				};
			};
			buildConfigurationList = B85FAA511AE10CAF00C6F57A /* Build configuration list for PBXProject "PRIMs" */;
			compatibilityVersion = "Xcode 3.2";
			developmentRegion = en;
			hasScannedForEncodings = 0;
			knownRegions = (
				en,
				Base,
			);
			mainGroup = B85FAA4D1AE10CAF00C6F57A;
			productRefGroup = B85FAA571AE10CAF00C6F57A /* Products */;
			projectDirPath = "";
			projectReferences = (
				{
					ProductGroup = B86287672014ACB700A2CBC8 /* Products */;
					ProjectRef = B86287662014ACB700A2CBC8 /* Charts.xcodeproj */;
				},
				{
					ProductGroup = B86D51EB206101E100096AF6 /* Products */;
					ProjectRef = B86D51EA206101E100096AF6 /* Charts.xcodeproj */;
				},
			);
			projectRoot = "";
			targets = (
				B85FAA551AE10CAF00C6F57A /* PRIMs */,
				B85FAA671AE10CAF00C6F57A /* PRIMsTests */,
			);
		};
/* End PBXProject section */

/* Begin PBXReferenceProxy section */
		B862876C2014ACB700A2CBC8 /* Charts.framework */ = {
			isa = PBXReferenceProxy;
			fileType = wrapper.framework;
			path = Charts.framework;
			remoteRef = B862876B2014ACB700A2CBC8 /* PBXContainerItemProxy */;
			sourceTree = BUILT_PRODUCTS_DIR;
		};
		B862876E2014ACB700A2CBC8 /* ChartsTests.xctest */ = {
			isa = PBXReferenceProxy;
			fileType = wrapper.cfbundle;
			path = ChartsTests.xctest;
			remoteRef = B862876D2014ACB700A2CBC8 /* PBXContainerItemProxy */;
			sourceTree = BUILT_PRODUCTS_DIR;
		};
		B86D51F1206101E100096AF6 /* Charts.framework */ = {
			isa = PBXReferenceProxy;
			fileType = wrapper.framework;
			path = Charts.framework;
			remoteRef = B86D51F0206101E100096AF6 /* PBXContainerItemProxy */;
			sourceTree = BUILT_PRODUCTS_DIR;
		};
		B86D51F3206101E100096AF6 /* ChartsTests.xctest */ = {
			isa = PBXReferenceProxy;
			fileType = wrapper.cfbundle;
			path = ChartsTests.xctest;
			remoteRef = B86D51F2206101E100096AF6 /* PBXContainerItemProxy */;
			sourceTree = BUILT_PRODUCTS_DIR;
		};
/* End PBXReferenceProxy section */

/* Begin PBXResourcesBuildPhase section */
		B85FAA541AE10CAF00C6F57A /* Resources */ = {
			isa = PBXResourcesBuildPhase;
			buildActionMask = 2147483647;
			files = (
				B85FAA601AE10CAF00C6F57A /* Images.xcassets in Resources */,
				B85FAA631AE10CAF00C6F57A /* Main.storyboard in Resources */,
				B8D0958A232E58AC0060862D /* Media.xcassets in Resources */,
				B8935EF11B13C93900E4C9E8 /* PrimsModelFileIcon.icns in Resources */,
			);
			runOnlyForDeploymentPostprocessing = 0;
		};
		B85FAA661AE10CAF00C6F57A /* Resources */ = {
			isa = PBXResourcesBuildPhase;
			buildActionMask = 2147483647;
			files = (
			);
			runOnlyForDeploymentPostprocessing = 0;
		};
/* End PBXResourcesBuildPhase section */

/* Begin PBXSourcesBuildPhase section */
		B85FAA521AE10CAF00C6F57A /* Sources */ = {
			isa = PBXSourcesBuildPhase;
			buildActionMask = 2147483647;
			files = (
				B866FCB31B67BC010084EAAE /* Operator.swift in Sources */,
				B85FAAB81AE1582400C6F57A /* Procedural.swift in Sources */,
				B898EA8A1B0F5A3500B5777E /* NSScanner+Swift.swift in Sources */,
				B8D18E0E1AEEC305007CF2B6 /* Imaginal.swift in Sources */,
				B8404A581C3BF9530062C231 /* Script.swift in Sources */,
				B85FAAB61AE1569F00C6F57A /* Production.swift in Sources */,
				B85FAAB71AE1580200C6F57A /* Instantiation.swift in Sources */,
				B85FAAB51AE13FF100C6F57A /* Model.swift in Sources */,
				B8EEE60D1B01DDC6002EFAD6 /* PRScenario.swift in Sources */,
				B806EFBE1AF003CF00633505 /* Action.swift in Sources */,
				B85FAAA71AE10D7500C6F57A /* Declarative.swift in Sources */,
				B806EFBC1AEFE77900633505 /* Task.swift in Sources */,
				B87A9BC2209896D500F34E5D /* ConflictSetTrace.swift in Sources */,
				B8696BF02095ED68008EE0D3 /* ConflictTraceViewController.swift in Sources */,
				B895579F1ED959BD0003E7DA /* Temporal.swift in Sources */,
				B85FAA5E1AE10CAF00C6F57A /* MainViewController.swift in Sources */,
				B85FAA5C1AE10CAF00C6F57A /* AppDelegate.swift in Sources */,
				B85FAAB41AE1326000C6F57A /* Prim.swift in Sources */,
				B84BE0781B034C190015DF1F /* PrimView.swift in Sources */,
				B898EA881B0F504A00B5777E /* BatchRun.swift in Sources */,
				B85FAAA31AE10D7500C6F57A /* Chunk.swift in Sources */,
				B80397C51B15B4BF00935F9C /* Parser.swift in Sources */,
				B82E31D91C4592F300C8E062 /* ScriptFunctions.swift in Sources */,
				B85FAAA91AE10D7500C6F57A /* Support.swift in Sources */,
				B8CE155E1B022A5300554F5F /* FruchtermanReingold.swift in Sources */,
			);
			runOnlyForDeploymentPostprocessing = 0;
		};
		B85FAA641AE10CAF00C6F57A /* Sources */ = {
			isa = PBXSourcesBuildPhase;
			buildActionMask = 2147483647;
			files = (
				B85FAA6F1AE10CAF00C6F57A /* PRIMsTests.swift in Sources */,
			);
			runOnlyForDeploymentPostprocessing = 0;
		};
/* End PBXSourcesBuildPhase section */

/* Begin PBXTargetDependency section */
		B85FAA6A1AE10CAF00C6F57A /* PBXTargetDependency */ = {
			isa = PBXTargetDependency;
			target = B85FAA551AE10CAF00C6F57A /* PRIMs */;
			targetProxy = B85FAA691AE10CAF00C6F57A /* PBXContainerItemProxy */;
		};
		B86287722014ADAF00A2CBC8 /* PBXTargetDependency */ = {
			isa = PBXTargetDependency;
			name = Charts;
			targetProxy = B86287712014ADAF00A2CBC8 /* PBXContainerItemProxy */;
		};
/* End PBXTargetDependency section */

/* Begin PBXVariantGroup section */
		B85FAA611AE10CAF00C6F57A /* Main.storyboard */ = {
			isa = PBXVariantGroup;
			children = (
				B85FAA621AE10CAF00C6F57A /* Base */,
			);
			name = Main.storyboard;
			sourceTree = "<group>";
		};
/* End PBXVariantGroup section */

/* Begin XCBuildConfiguration section */
		B85FAA701AE10CAF00C6F57A /* Debug */ = {
			isa = XCBuildConfiguration;
			buildSettings = {
				ALWAYS_SEARCH_USER_PATHS = NO;
				CLANG_ANALYZER_LOCALIZABILITY_NONLOCALIZED = YES;
				CLANG_CXX_LANGUAGE_STANDARD = "gnu++0x";
				CLANG_CXX_LIBRARY = "libc++";
				CLANG_ENABLE_MODULES = YES;
				CLANG_ENABLE_OBJC_ARC = YES;
				CLANG_WARN_BLOCK_CAPTURE_AUTORELEASING = YES;
				CLANG_WARN_BOOL_CONVERSION = YES;
				CLANG_WARN_COMMA = YES;
				CLANG_WARN_CONSTANT_CONVERSION = YES;
				CLANG_WARN_DEPRECATED_OBJC_IMPLEMENTATIONS = YES;
				CLANG_WARN_DIRECT_OBJC_ISA_USAGE = YES_ERROR;
				CLANG_WARN_EMPTY_BODY = YES;
				CLANG_WARN_ENUM_CONVERSION = YES;
				CLANG_WARN_INFINITE_RECURSION = YES;
				CLANG_WARN_INT_CONVERSION = YES;
				CLANG_WARN_NON_LITERAL_NULL_CONVERSION = YES;
				CLANG_WARN_OBJC_IMPLICIT_RETAIN_SELF = YES;
				CLANG_WARN_OBJC_LITERAL_CONVERSION = YES;
				CLANG_WARN_OBJC_ROOT_CLASS = YES_ERROR;
				CLANG_WARN_RANGE_LOOP_ANALYSIS = YES;
				CLANG_WARN_STRICT_PROTOTYPES = YES;
				CLANG_WARN_SUSPICIOUS_MOVE = YES;
				CLANG_WARN_UNREACHABLE_CODE = YES;
				CLANG_WARN__DUPLICATE_METHOD_MATCH = YES;
				CODE_SIGN_IDENTITY = "-";
				COPY_PHASE_STRIP = NO;
				DEBUG_INFORMATION_FORMAT = dwarf;
				ENABLE_STRICT_OBJC_MSGSEND = YES;
				ENABLE_TESTABILITY = YES;
				GCC_C_LANGUAGE_STANDARD = gnu99;
				GCC_DYNAMIC_NO_PIC = NO;
				GCC_NO_COMMON_BLOCKS = YES;
				GCC_OPTIMIZATION_LEVEL = 0;
				GCC_PREPROCESSOR_DEFINITIONS = (
					"DEBUG=1",
					"$(inherited)",
				);
				GCC_SYMBOLS_PRIVATE_EXTERN = NO;
				GCC_WARN_64_TO_32_BIT_CONVERSION = YES;
				GCC_WARN_ABOUT_RETURN_TYPE = YES_ERROR;
				GCC_WARN_UNDECLARED_SELECTOR = YES;
				GCC_WARN_UNINITIALIZED_AUTOS = YES_AGGRESSIVE;
				GCC_WARN_UNUSED_FUNCTION = YES;
				GCC_WARN_UNUSED_VARIABLE = YES;
				MACOSX_DEPLOYMENT_TARGET = 10.10;
				MTL_ENABLE_DEBUG_INFO = YES;
				ONLY_ACTIVE_ARCH = YES;
				SDKROOT = macosx;
				SWIFT_OPTIMIZATION_LEVEL = "-Onone";
			};
			name = Debug;
		};
		B85FAA711AE10CAF00C6F57A /* Release */ = {
			isa = XCBuildConfiguration;
			buildSettings = {
				ALWAYS_SEARCH_USER_PATHS = NO;
				CLANG_ANALYZER_LOCALIZABILITY_NONLOCALIZED = YES;
				CLANG_CXX_LANGUAGE_STANDARD = "gnu++0x";
				CLANG_CXX_LIBRARY = "libc++";
				CLANG_ENABLE_MODULES = YES;
				CLANG_ENABLE_OBJC_ARC = YES;
				CLANG_WARN_BLOCK_CAPTURE_AUTORELEASING = YES;
				CLANG_WARN_BOOL_CONVERSION = YES;
				CLANG_WARN_COMMA = YES;
				CLANG_WARN_CONSTANT_CONVERSION = YES;
				CLANG_WARN_DEPRECATED_OBJC_IMPLEMENTATIONS = YES;
				CLANG_WARN_DIRECT_OBJC_ISA_USAGE = YES_ERROR;
				CLANG_WARN_EMPTY_BODY = YES;
				CLANG_WARN_ENUM_CONVERSION = YES;
				CLANG_WARN_INFINITE_RECURSION = YES;
				CLANG_WARN_INT_CONVERSION = YES;
				CLANG_WARN_NON_LITERAL_NULL_CONVERSION = YES;
				CLANG_WARN_OBJC_IMPLICIT_RETAIN_SELF = YES;
				CLANG_WARN_OBJC_LITERAL_CONVERSION = YES;
				CLANG_WARN_OBJC_ROOT_CLASS = YES_ERROR;
				CLANG_WARN_RANGE_LOOP_ANALYSIS = YES;
				CLANG_WARN_STRICT_PROTOTYPES = YES;
				CLANG_WARN_SUSPICIOUS_MOVE = YES;
				CLANG_WARN_UNREACHABLE_CODE = YES;
				CLANG_WARN__DUPLICATE_METHOD_MATCH = YES;
				CODE_SIGN_IDENTITY = "-";
				COPY_PHASE_STRIP = NO;
				DEBUG_INFORMATION_FORMAT = "dwarf-with-dsym";
				ENABLE_NS_ASSERTIONS = NO;
				ENABLE_STRICT_OBJC_MSGSEND = YES;
				GCC_C_LANGUAGE_STANDARD = gnu99;
				GCC_NO_COMMON_BLOCKS = YES;
				GCC_WARN_64_TO_32_BIT_CONVERSION = YES;
				GCC_WARN_ABOUT_RETURN_TYPE = YES_ERROR;
				GCC_WARN_UNDECLARED_SELECTOR = YES;
				GCC_WARN_UNINITIALIZED_AUTOS = YES_AGGRESSIVE;
				GCC_WARN_UNUSED_FUNCTION = YES;
				GCC_WARN_UNUSED_VARIABLE = YES;
				MACOSX_DEPLOYMENT_TARGET = 10.10;
				MTL_ENABLE_DEBUG_INFO = NO;
				SDKROOT = macosx;
				SWIFT_OPTIMIZATION_LEVEL = "-Owholemodule";
			};
			name = Release;
		};
		B85FAA731AE10CAF00C6F57A /* Debug */ = {
			isa = XCBuildConfiguration;
			buildSettings = {
				ALWAYS_EMBED_SWIFT_STANDARD_LIBRARIES = YES;
				ASSETCATALOG_COMPILER_APPICON_NAME = AppIcon;
				CODE_SIGN_IDENTITY = "Mac Developer";
				CODE_SIGN_STYLE = Automatic;
				COMBINE_HIDPI_IMAGES = YES;
				CURRENT_PROJECT_VERSION = 4;
				DEVELOPMENT_TEAM = YD3HPRU5U8;
				INFOPLIST_FILE = PRIMs/Info.plist;
				LD_RUNPATH_SEARCH_PATHS = "$(inherited) @executable_path/../Frameworks";
				MACOSX_DEPLOYMENT_TARGET = 10.11;
				PRODUCT_BUNDLE_IDENTIFIER = "nl.rug.ai.taatgen.$(PRODUCT_NAME:rfc1034identifier)";
				PRODUCT_NAME = "$(TARGET_NAME)";
				PROVISIONING_PROFILE_SPECIFIER = "";
				SWIFT_VERSION = 5.0;
			};
			name = Debug;
		};
		B85FAA741AE10CAF00C6F57A /* Release */ = {
			isa = XCBuildConfiguration;
			buildSettings = {
				ALWAYS_EMBED_SWIFT_STANDARD_LIBRARIES = YES;
				ASSETCATALOG_COMPILER_APPICON_NAME = AppIcon;
				CODE_SIGN_IDENTITY = "Mac Developer";
				CODE_SIGN_STYLE = Automatic;
				COMBINE_HIDPI_IMAGES = YES;
				CURRENT_PROJECT_VERSION = 4;
				DEVELOPMENT_TEAM = YD3HPRU5U8;
				INFOPLIST_FILE = PRIMs/Info.plist;
				LD_RUNPATH_SEARCH_PATHS = "$(inherited) @executable_path/../Frameworks";
				MACOSX_DEPLOYMENT_TARGET = 10.11;
				PRODUCT_BUNDLE_IDENTIFIER = "nl.rug.ai.taatgen.$(PRODUCT_NAME:rfc1034identifier)";
				PRODUCT_NAME = "$(TARGET_NAME)";
				PROVISIONING_PROFILE_SPECIFIER = "";
				SWIFT_VERSION = 5.0;
			};
			name = Release;
		};
		B85FAA761AE10CAF00C6F57A /* Debug */ = {
			isa = XCBuildConfiguration;
			buildSettings = {
				BUNDLE_LOADER = "$(TEST_HOST)";
				COMBINE_HIDPI_IMAGES = YES;
				FRAMEWORK_SEARCH_PATHS = (
					"$(DEVELOPER_FRAMEWORKS_DIR)",
					"$(inherited)",
				);
				GCC_PREPROCESSOR_DEFINITIONS = (
					"DEBUG=1",
					"$(inherited)",
				);
				INFOPLIST_FILE = PRIMsTests/Info.plist;
				LD_RUNPATH_SEARCH_PATHS = "$(inherited) @executable_path/../Frameworks @loader_path/../Frameworks";
				PRODUCT_BUNDLE_IDENTIFIER = "nl.rug.ai.taatgen.$(PRODUCT_NAME:rfc1034identifier)";
				PRODUCT_NAME = "$(TARGET_NAME)";
				SWIFT_VERSION = 5.0;
				TEST_HOST = "$(BUILT_PRODUCTS_DIR)/PRIMs.app/Contents/MacOS/PRIMs";
			};
			name = Debug;
		};
		B85FAA771AE10CAF00C6F57A /* Release */ = {
			isa = XCBuildConfiguration;
			buildSettings = {
				BUNDLE_LOADER = "$(TEST_HOST)";
				COMBINE_HIDPI_IMAGES = YES;
				FRAMEWORK_SEARCH_PATHS = (
					"$(DEVELOPER_FRAMEWORKS_DIR)",
					"$(inherited)",
				);
				INFOPLIST_FILE = PRIMsTests/Info.plist;
				LD_RUNPATH_SEARCH_PATHS = "$(inherited) @executable_path/../Frameworks @loader_path/../Frameworks";
				PRODUCT_BUNDLE_IDENTIFIER = "nl.rug.ai.taatgen.$(PRODUCT_NAME:rfc1034identifier)";
				PRODUCT_NAME = "$(TARGET_NAME)";
				SWIFT_VERSION = 5.0;
				TEST_HOST = "$(BUILT_PRODUCTS_DIR)/PRIMs.app/Contents/MacOS/PRIMs";
			};
			name = Release;
		};
/* End XCBuildConfiguration section */

/* Begin XCConfigurationList section */
		B85FAA511AE10CAF00C6F57A /* Build configuration list for PBXProject "PRIMs" */ = {
			isa = XCConfigurationList;
			buildConfigurations = (
				B85FAA701AE10CAF00C6F57A /* Debug */,
				B85FAA711AE10CAF00C6F57A /* Release */,
			);
			defaultConfigurationIsVisible = 0;
			defaultConfigurationName = Release;
		};
		B85FAA721AE10CAF00C6F57A /* Build configuration list for PBXNativeTarget "PRIMs" */ = {
			isa = XCConfigurationList;
			buildConfigurations = (
				B85FAA731AE10CAF00C6F57A /* Debug */,
				B85FAA741AE10CAF00C6F57A /* Release */,
			);
			defaultConfigurationIsVisible = 0;
			defaultConfigurationName = Release;
		};
		B85FAA751AE10CAF00C6F57A /* Build configuration list for PBXNativeTarget "PRIMsTests" */ = {
			isa = XCConfigurationList;
			buildConfigurations = (
				B85FAA761AE10CAF00C6F57A /* Debug */,
				B85FAA771AE10CAF00C6F57A /* Release */,
			);
			defaultConfigurationIsVisible = 0;
			defaultConfigurationName = Release;
		};
/* End XCConfigurationList section */
	};
	rootObject = B85FAA4E1AE10CAF00C6F57A /* Project object */;
}
